
Microsoft Visual Studio Solution File, Format Version 12.00
# Visual Studio Version 16
VisualStudioVersion = 16.0.29613.14
MinimumVisualStudioVersion = 15.0.26124.0
Project("{9A19103F-16F7-4668-BE54-9A1E7A4F7556}") = "TrustCenterSearch.Presentation", "TrustCenterSearch.Presentation\TrustCenterSearch.Presentation.csproj", "{AC33929E-1359-4A6D-8788-30012998F2E1}"
EndProject
Project("{2150E333-8FDC-42A3-9474-1A3956D46DE8}") = "Tests", "Tests", "{6A5F7A75-707B-4F83-B4FC-CD95E351D599}"
EndProject
Project("{9A19103F-16F7-4668-BE54-9A1E7A4F7556}") = "TrustCenterSearch.Core", "TrustCenterSearch.Core\TrustCenterSearch.Core.csproj", "{3E90CD20-354F-47EF-AD0F-79CA30F62560}"
EndProject
Project("{9A19103F-16F7-4668-BE54-9A1E7A4F7556}") = "TestSamples", "Tests\TestSamples\TestSamples.csproj", "{3226A9D4-961A-491C-AFA2-CAD5CA392051}"
EndProject
Project("{9A19103F-16F7-4668-BE54-9A1E7A4F7556}") = "TrustCenterSearch.Core.Test", "Tests\TrustCenterSearch.Core.Test\TrustCenterSearch.Core.Test.csproj", "{FF48C2A5-B8E7-448F-BAB2-885588C85191}"
EndProject
Project("{9A19103F-16F7-4668-BE54-9A1E7A4F7556}") = "TrustCenterSearch.Presentation.Test", "Tests\TrustCenterSearch.Presentation.Test\TrustCenterSearch.Presentation.Test.csproj", "{3282CEFA-DA32-4FAF-9CE1-0809E58E382D}"
EndProject
Global
	GlobalSection(SolutionConfigurationPlatforms) = preSolution
		Debug|Any CPU = Debug|Any CPU
		Release|Any CPU = Release|Any CPU
	EndGlobalSection
	GlobalSection(ProjectConfigurationPlatforms) = postSolution
		{3E90CD20-354F-47EF-AD0F-79CA30F62560}.Debug|Any CPU.ActiveCfg = Debug|Any CPU
		{3E90CD20-354F-47EF-AD0F-79CA30F62560}.Debug|Any CPU.Build.0 = Debug|Any CPU
		{3E90CD20-354F-47EF-AD0F-79CA30F62560}.Release|Any CPU.ActiveCfg = Release|Any CPU
		{3E90CD20-354F-47EF-AD0F-79CA30F62560}.Release|Any CPU.Build.0 = Release|Any CPU
		{AC33929E-1359-4A6D-8788-30012998F2E1}.Debug|Any CPU.ActiveCfg = Debug|Any CPU
		{AC33929E-1359-4A6D-8788-30012998F2E1}.Debug|Any CPU.Build.0 = Debug|Any CPU
		{AC33929E-1359-4A6D-8788-30012998F2E1}.Release|Any CPU.ActiveCfg = Release|Any CPU
		{AC33929E-1359-4A6D-8788-30012998F2E1}.Release|Any CPU.Build.0 = Release|Any CPU
		{3226A9D4-961A-491C-AFA2-CAD5CA392051}.Debug|Any CPU.ActiveCfg = Debug|Any CPU
		{3226A9D4-961A-491C-AFA2-CAD5CA392051}.Debug|Any CPU.Build.0 = Debug|Any CPU
		{3226A9D4-961A-491C-AFA2-CAD5CA392051}.Release|Any CPU.ActiveCfg = Release|Any CPU
		{3226A9D4-961A-491C-AFA2-CAD5CA392051}.Release|Any CPU.Build.0 = Release|Any CPU
		{FF48C2A5-B8E7-448F-BAB2-885588C85191}.Debug|Any CPU.ActiveCfg = Debug|Any CPU
		{FF48C2A5-B8E7-448F-BAB2-885588C85191}.Debug|Any CPU.Build.0 = Debug|Any CPU
		{FF48C2A5-B8E7-448F-BAB2-885588C85191}.Release|Any CPU.ActiveCfg = Release|Any CPU
		{FF48C2A5-B8E7-448F-BAB2-885588C85191}.Release|Any CPU.Build.0 = Release|Any CPU
		{3282CEFA-DA32-4FAF-9CE1-0809E58E382D}.Debug|Any CPU.ActiveCfg = Debug|Any CPU
		{3282CEFA-DA32-4FAF-9CE1-0809E58E382D}.Debug|Any CPU.Build.0 = Debug|Any CPU
		{3282CEFA-DA32-4FAF-9CE1-0809E58E382D}.Release|Any CPU.ActiveCfg = Release|Any CPU
		{3282CEFA-DA32-4FAF-9CE1-0809E58E382D}.Release|Any CPU.Build.0 = Release|Any CPU
	EndGlobalSection
	GlobalSection(SolutionProperties) = preSolution
		HideSolutionNode = FALSE
	EndGlobalSection
	GlobalSection(NestedProjects) = preSolution
		{3226A9D4-961A-491C-AFA2-CAD5CA392051} = {6A5F7A75-707B-4F83-B4FC-CD95E351D599}
		{FF48C2A5-B8E7-448F-BAB2-885588C85191} = {6A5F7A75-707B-4F83-B4FC-CD95E351D599}
		{3282CEFA-DA32-4FAF-9CE1-0809E58E382D} = {6A5F7A75-707B-4F83-B4FC-CD95E351D599}
	EndGlobalSection
	GlobalSection(ExtensibilityGlobals) = postSolution
		SolutionGuid = {D21CBC1B-D1EB-4165-9C12-4666A316C65D}
	EndGlobalSection
EndGlobal
